// !$*UTF8*$!
{
	archiveVersion = 1;
	classes = {
	};
	objectVersion = 46;
	objects = {

/* Begin PBXBuildFile section */
		A39FE5B21EF8B3DA00C53662 /* AppDelegate.swift in Sources */ = {isa = PBXBuildFile; fileRef = A39FE5B11EF8B3DA00C53662 /* AppDelegate.swift */; };
		A39FE5B41EF8B3DA00C53662 /* ViewController.swift in Sources */ = {isa = PBXBuildFile; fileRef = A39FE5B31EF8B3DA00C53662 /* ViewController.swift */; };
		A39FE5B71EF8B3DA00C53662 /* Main.storyboard in Resources */ = {isa = PBXBuildFile; fileRef = A39FE5B51EF8B3DA00C53662 /* Main.storyboard */; };
		A39FE5BA1EF8B3DA00C53662 /* ContactLLS.xcdatamodeld in Sources */ = {isa = PBXBuildFile; fileRef = A39FE5B81EF8B3DA00C53662 /* ContactLLS.xcdatamodeld */; };
		A39FE5BC1EF8B3DA00C53662 /* Assets.xcassets in Resources */ = {isa = PBXBuildFile; fileRef = A39FE5BB1EF8B3DA00C53662 /* Assets.xcassets */; };
		A39FE5BF1EF8B3DA00C53662 /* LaunchScreen.storyboard in Resources */ = {isa = PBXBuildFile; fileRef = A39FE5BD1EF8B3DA00C53662 /* LaunchScreen.storyboard */; };
		A39FE5CA1EF8B3DA00C53662 /* ContactLLSTests.swift in Sources */ = {isa = PBXBuildFile; fileRef = A39FE5C91EF8B3DA00C53662 /* ContactLLSTests.swift */; };
		A39FE5D51EF8B3DA00C53662 /* ContactLLSUITests.swift in Sources */ = {isa = PBXBuildFile; fileRef = A39FE5D41EF8B3DA00C53662 /* ContactLLSUITests.swift */; };
/* End PBXBuildFile section */

/* Begin PBXContainerItemProxy section */
		A39FE5C61EF8B3DA00C53662 /* PBXContainerItemProxy */ = {
			isa = PBXContainerItemProxy;
			containerPortal = A39FE5A61EF8B3DA00C53662 /* Project object */;
			proxyType = 1;
			remoteGlobalIDString = A39FE5AD1EF8B3DA00C53662;
			remoteInfo = ContactLLS;
		};
		A39FE5D11EF8B3DA00C53662 /* PBXContainerItemProxy */ = {
			isa = PBXContainerItemProxy;
			containerPortal = A39FE5A61EF8B3DA00C53662 /* Project object */;
			proxyType = 1;
			remoteGlobalIDString = A39FE5AD1EF8B3DA00C53662;
			remoteInfo = ContactLLS;
		};
/* End PBXContainerItemProxy section */

/* Begin PBXFileReference section */
		A39FE5AE1EF8B3DA00C53662 /* ContactLLS.app */ = {isa = PBXFileReference; explicitFileType = wrapper.application; includeInIndex = 0; path = ContactLLS.app; sourceTree = BUILT_PRODUCTS_DIR; };
		A39FE5B11EF8B3DA00C53662 /* AppDelegate.swift */ = {isa = PBXFileReference; lastKnownFileType = sourcecode.swift; path = AppDelegate.swift; sourceTree = "<group>"; };
		A39FE5B31EF8B3DA00C53662 /* ViewController.swift */ = {isa = PBXFileReference; lastKnownFileType = sourcecode.swift; path = ViewController.swift; sourceTree = "<group>"; };
		A39FE5B61EF8B3DA00C53662 /* Base */ = {isa = PBXFileReference; lastKnownFileType = file.storyboard; name = Base; path = Base.lproj/Main.storyboard; sourceTree = "<group>"; };
		A39FE5B91EF8B3DA00C53662 /* ContactLLS.xcdatamodel */ = {isa = PBXFileReference; lastKnownFileType = wrapper.xcdatamodel; path = ContactLLS.xcdatamodel; sourceTree = "<group>"; };
		A39FE5BB1EF8B3DA00C53662 /* Assets.xcassets */ = {isa = PBXFileReference; lastKnownFileType = folder.assetcatalog; path = Assets.xcassets; sourceTree = "<group>"; };
		A39FE5BE1EF8B3DA00C53662 /* Base */ = {isa = PBXFileReference; lastKnownFileType = file.storyboard; name = Base; path = Base.lproj/LaunchScreen.storyboard; sourceTree = "<group>"; };
		A39FE5C01EF8B3DA00C53662 /* Info.plist */ = {isa = PBXFileReference; lastKnownFileType = text.plist.xml; path = Info.plist; sourceTree = "<group>"; };
		A39FE5C51EF8B3DA00C53662 /* ContactLLSTests.xctest */ = {isa = PBXFileReference; explicitFileType = wrapper.cfbundle; includeInIndex = 0; path = ContactLLSTests.xctest; sourceTree = BUILT_PRODUCTS_DIR; };
		A39FE5C91EF8B3DA00C53662 /* ContactLLSTests.swift */ = {isa = PBXFileReference; lastKnownFileType = sourcecode.swift; path = ContactLLSTests.swift; sourceTree = "<group>"; };
		A39FE5CB1EF8B3DA00C53662 /* Info.plist */ = {isa = PBXFileReference; lastKnownFileType = text.plist.xml; path = Info.plist; sourceTree = "<group>"; };
		A39FE5D01EF8B3DA00C53662 /* ContactLLSUITests.xctest */ = {isa = PBXFileReference; explicitFileType = wrapper.cfbundle; includeInIndex = 0; path = ContactLLSUITests.xctest; sourceTree = BUILT_PRODUCTS_DIR; };
		A39FE5D41EF8B3DA00C53662 /* ContactLLSUITests.swift */ = {isa = PBXFileReference; lastKnownFileType = sourcecode.swift; path = ContactLLSUITests.swift; sourceTree = "<group>"; };
		A39FE5D61EF8B3DA00C53662 /* Info.plist */ = {isa = PBXFileReference; lastKnownFileType = text.plist.xml; path = Info.plist; sourceTree = "<group>"; };
/* End PBXFileReference section */

/* Begin PBXFrameworksBuildPhase section */
		A39FE5AB1EF8B3DA00C53662 /* Frameworks */ = {
			isa = PBXFrameworksBuildPhase;
			buildActionMask = 2147483647;
			files = (
			);
			runOnlyForDeploymentPostprocessing = 0;
		};
		A39FE5C21EF8B3DA00C53662 /* Frameworks */ = {
			isa = PBXFrameworksBuildPhase;
			buildActionMask = 2147483647;
			files = (
			);
			runOnlyForDeploymentPostprocessing = 0;
		};
		A39FE5CD1EF8B3DA00C53662 /* Frameworks */ = {
			isa = PBXFrameworksBuildPhase;
			buildActionMask = 2147483647;
			files = (
			);
			runOnlyForDeploymentPostprocessing = 0;
		};
/* End PBXFrameworksBuildPhase section */

/* Begin PBXGroup section */
		A39FE5A51EF8B3DA00C53662 = {
			isa = PBXGroup;
			children = (
				A39FE5B01EF8B3DA00C53662 /* ContactLLS */,
				A39FE5C81EF8B3DA00C53662 /* ContactLLSTests */,
				A39FE5D31EF8B3DA00C53662 /* ContactLLSUITests */,
				A39FE5AF1EF8B3DA00C53662 /* Products */,
			);
			sourceTree = "<group>";
		};
		A39FE5AF1EF8B3DA00C53662 /* Products */ = {
			isa = PBXGroup;
			children = (
				A39FE5AE1EF8B3DA00C53662 /* ContactLLS.app */,
				A39FE5C51EF8B3DA00C53662 /* ContactLLSTests.xctest */,
				A39FE5D01EF8B3DA00C53662 /* ContactLLSUITests.xctest */,
			);
			name = Products;
			sourceTree = "<group>";
		};
		A39FE5B01EF8B3DA00C53662 /* ContactLLS */ = {
			isa = PBXGroup;
			children = (
				A39FE5B11EF8B3DA00C53662 /* AppDelegate.swift */,
				A39FE5B31EF8B3DA00C53662 /* ViewController.swift */,
				A39FE5B51EF8B3DA00C53662 /* Main.storyboard */,
				A39FE5BB1EF8B3DA00C53662 /* Assets.xcassets */,
				A39FE5BD1EF8B3DA00C53662 /* LaunchScreen.storyboard */,
				A39FE5C01EF8B3DA00C53662 /* Info.plist */,
				A39FE5B81EF8B3DA00C53662 /* ContactLLS.xcdatamodeld */,
			);
			path = ContactLLS;
			sourceTree = "<group>";
		};
		A39FE5C81EF8B3DA00C53662 /* ContactLLSTests */ = {
			isa = PBXGroup;
			children = (
				A39FE5C91EF8B3DA00C53662 /* ContactLLSTests.swift */,
				A39FE5CB1EF8B3DA00C53662 /* Info.plist */,
			);
			path = ContactLLSTests;
			sourceTree = "<group>";
		};
		A39FE5D31EF8B3DA00C53662 /* ContactLLSUITests */ = {
			isa = PBXGroup;
			children = (
				A39FE5D41EF8B3DA00C53662 /* ContactLLSUITests.swift */,
				A39FE5D61EF8B3DA00C53662 /* Info.plist */,
			);
			path = ContactLLSUITests;
			sourceTree = "<group>";
		};
/* End PBXGroup section */

/* Begin PBXNativeTarget section */
		A39FE5AD1EF8B3DA00C53662 /* ContactLLS */ = {
			isa = PBXNativeTarget;
			buildConfigurationList = A39FE5D91EF8B3DA00C53662 /* Build configuration list for PBXNativeTarget "ContactLLS" */;
			buildPhases = (
				A39FE5AA1EF8B3DA00C53662 /* Sources */,
				A39FE5AB1EF8B3DA00C53662 /* Frameworks */,
				A39FE5AC1EF8B3DA00C53662 /* Resources */,
			);
			buildRules = (
			);
			dependencies = (
			);
			name = ContactLLS;
			productName = ContactLLS;
			productReference = A39FE5AE1EF8B3DA00C53662 /* ContactLLS.app */;
			productType = "com.apple.product-type.application";
		};
		A39FE5C41EF8B3DA00C53662 /* ContactLLSTests */ = {
			isa = PBXNativeTarget;
			buildConfigurationList = A39FE5DC1EF8B3DA00C53662 /* Build configuration list for PBXNativeTarget "ContactLLSTests" */;
			buildPhases = (
				A39FE5C11EF8B3DA00C53662 /* Sources */,
				A39FE5C21EF8B3DA00C53662 /* Frameworks */,
				A39FE5C31EF8B3DA00C53662 /* Resources */,
			);
			buildRules = (
			);
			dependencies = (
				A39FE5C71EF8B3DA00C53662 /* PBXTargetDependency */,
			);
			name = ContactLLSTests;
			productName = ContactLLSTests;
			productReference = A39FE5C51EF8B3DA00C53662 /* ContactLLSTests.xctest */;
			productType = "com.apple.product-type.bundle.unit-test";
		};
		A39FE5CF1EF8B3DA00C53662 /* ContactLLSUITests */ = {
			isa = PBXNativeTarget;
			buildConfigurationList = A39FE5DF1EF8B3DA00C53662 /* Build configuration list for PBXNativeTarget "ContactLLSUITests" */;
			buildPhases = (
				A39FE5CC1EF8B3DA00C53662 /* Sources */,
				A39FE5CD1EF8B3DA00C53662 /* Frameworks */,
				A39FE5CE1EF8B3DA00C53662 /* Resources */,
			);
			buildRules = (
			);
			dependencies = (
				A39FE5D21EF8B3DA00C53662 /* PBXTargetDependency */,
			);
			name = ContactLLSUITests;
			productName = ContactLLSUITests;
			productReference = A39FE5D01EF8B3DA00C53662 /* ContactLLSUITests.xctest */;
			productType = "com.apple.product-type.bundle.ui-testing";
		};
/* End PBXNativeTarget section */

/* Begin PBXProject section */
		A39FE5A61EF8B3DA00C53662 /* Project object */ = {
			isa = PBXProject;
			attributes = {
				LastSwiftUpdateCheck = 0830;
				LastUpgradeCheck = 0830;
				ORGANIZATIONNAME = "Theo Chen";
				TargetAttributes = {
					A39FE5AD1EF8B3DA00C53662 = {
						CreatedOnToolsVersion = 8.3.3;
						DevelopmentTeam = 32T9S8EBKN;
						ProvisioningStyle = Automatic;
					};
					A39FE5C41EF8B3DA00C53662 = {
						CreatedOnToolsVersion = 8.3.3;
						DevelopmentTeam = 32T9S8EBKN;
						ProvisioningStyle = Automatic;
						TestTargetID = A39FE5AD1EF8B3DA00C53662;
					};
					A39FE5CF1EF8B3DA00C53662 = {
						CreatedOnToolsVersion = 8.3.3;
						DevelopmentTeam = 32T9S8EBKN;
						ProvisioningStyle = Automatic;
						TestTargetID = A39FE5AD1EF8B3DA00C53662;
					};
				};
			};
			buildConfigurationList = A39FE5A91EF8B3DA00C53662 /* Build configuration list for PBXProject "ContactLLS" */;
			compatibilityVersion = "Xcode 3.2";
			developmentRegion = English;
			hasScannedForEncodings = 0;
			knownRegions = (
				en,
				Base,
			);
			mainGroup = A39FE5A51EF8B3DA00C53662;
			productRefGroup = A39FE5AF1EF8B3DA00C53662 /* Products */;
			projectDirPath = "";
			projectRoot = "";
			targets = (
				A39FE5AD1EF8B3DA00C53662 /* ContactLLS */,
				A39FE5C41EF8B3DA00C53662 /* ContactLLSTests */,
				A39FE5CF1EF8B3DA00C53662 /* ContactLLSUITests */,
			);
		};
/* End PBXProject section */

/* Begin PBXResourcesBuildPhase section */
		A39FE5AC1EF8B3DA00C53662 /* Resources */ = {
			isa = PBXResourcesBuildPhase;
			buildActionMask = 2147483647;
			files = (
				A39FE5BF1EF8B3DA00C53662 /* LaunchScreen.storyboard in Resources */,
				A39FE5BC1EF8B3DA00C53662 /* Assets.xcassets in Resources */,
				A39FE5B71EF8B3DA00C53662 /* Main.storyboard in Resources */,
			);
			runOnlyForDeploymentPostprocessing = 0;
		};
		A39FE5C31EF8B3DA00C53662 /* Resources */ = {
			isa = PBXResourcesBuildPhase;
			buildActionMask = 2147483647;
			files = (
			);
			runOnlyForDeploymentPostprocessing = 0;
		};
		A39FE5CE1EF8B3DA00C53662 /* Resources */ = {
			isa = PBXResourcesBuildPhase;
			buildActionMask = 2147483647;
			files = (
			);
			runOnlyForDeploymentPostprocessing = 0;
		};
/* End PBXResourcesBuildPhase section */

/* Begin PBXSourcesBuildPhase section */
		A39FE5AA1EF8B3DA00C53662 /* Sources */ = {
			isa = PBXSourcesBuildPhase;
			buildActionMask = 2147483647;
			files = (
				A39FE5B41EF8B3DA00C53662 /* ViewController.swift in Sources */,
				A39FE5B21EF8B3DA00C53662 /* AppDelegate.swift in Sources */,
				A39FE5BA1EF8B3DA00C53662 /* ContactLLS.xcdatamodeld in Sources */,
			);
			runOnlyForDeploymentPostprocessing = 0;
		};
		A39FE5C11EF8B3DA00C53662 /* Sources */ = {
			isa = PBXSourcesBuildPhase;
			buildActionMask = 2147483647;
			files = (
				A39FE5CA1EF8B3DA00C53662 /* ContactLLSTests.swift in Sources */,
			);
			runOnlyForDeploymentPostprocessing = 0;
		};
		A39FE5CC1EF8B3DA00C53662 /* Sources */ = {
			isa = PBXSourcesBuildPhase;
			buildActionMask = 2147483647;
			files = (
				A39FE5D51EF8B3DA00C53662 /* ContactLLSUITests.swift in Sources */,
			);
			runOnlyForDeploymentPostprocessing = 0;
		};
/* End PBXSourcesBuildPhase section */

/* Begin PBXTargetDependency section */
		A39FE5C71EF8B3DA00C53662 /* PBXTargetDependency */ = {
			isa = PBXTargetDependency;
			target = A39FE5AD1EF8B3DA00C53662 /* ContactLLS */;
			targetProxy = A39FE5C61EF8B3DA00C53662 /* PBXContainerItemProxy */;
		};
		A39FE5D21EF8B3DA00C53662 /* PBXTargetDependency */ = {
			isa = PBXTargetDependency;
			target = A39FE5AD1EF8B3DA00C53662 /* ContactLLS */;
			targetProxy = A39FE5D11EF8B3DA00C53662 /* PBXContainerItemProxy */;
		};
/* End PBXTargetDependency section */

/* Begin PBXVariantGroup section */
		A39FE5B51EF8B3DA00C53662 /* Main.storyboard */ = {
			isa = PBXVariantGroup;
			children = (
				A39FE5B61EF8B3DA00C53662 /* Base */,
			);
			name = Main.storyboard;
			sourceTree = "<group>";
		};
		A39FE5BD1EF8B3DA00C53662 /* LaunchScreen.storyboard */ = {
			isa = PBXVariantGroup;
			children = (
				A39FE5BE1EF8B3DA00C53662 /* Base */,
			);
			name = LaunchScreen.storyboard;
			sourceTree = "<group>";
		};
/* End PBXVariantGroup section */

/* Begin XCBuildConfiguration section */
		A39FE5D71EF8B3DA00C53662 /* Debug */ = {
			isa = XCBuildConfiguration;
			buildSettings = {
				ALWAYS_SEARCH_USER_PATHS = NO;
				CLANG_ANALYZER_NONNULL = YES;
				CLANG_ANALYZER_NUMBER_OBJECT_CONVERSION = YES_AGGRESSIVE;
				CLANG_CXX_LANGUAGE_STANDARD = "gnu++0x";
				CLANG_CXX_LIBRARY = "libc++";
				CLANG_ENABLE_MODULES = YES;
				CLANG_ENABLE_OBJC_ARC = YES;
				CLANG_WARN_BOOL_CONVERSION = YES;
				CLANG_WARN_CONSTANT_CONVERSION = YES;
				CLANG_WARN_DIRECT_OBJC_ISA_USAGE = YES_ERROR;
				CLANG_WARN_DOCUMENTATION_COMMENTS = YES;
				CLANG_WARN_EMPTY_BODY = YES;
				CLANG_WARN_ENUM_CONVERSION = YES;
				CLANG_WARN_INFINITE_RECURSION = YES;
				CLANG_WARN_INT_CONVERSION = YES;
				CLANG_WARN_OBJC_ROOT_CLASS = YES_ERROR;
				CLANG_WARN_SUSPICIOUS_MOVE = YES;
				CLANG_WARN_UNREACHABLE_CODE = YES;
				CLANG_WARN__DUPLICATE_METHOD_MATCH = YES;
				"CODE_SIGN_IDENTITY[sdk=iphoneos*]" = "iPhone Developer";
				COPY_PHASE_STRIP = NO;
				DEBUG_INFORMATION_FORMAT = dwarf;
				ENABLE_STRICT_OBJC_MSGSEND = YES;
				ENABLE_TESTABILITY = YES;
				GCC_C_LANGUAGE_STANDARD = gnu99;
				GCC_DYNAMIC_NO_PIC = NO;
				GCC_NO_COMMON_BLOCKS = YES;
				GCC_OPTIMIZATION_LEVEL = 0;
				GCC_PREPROCESSOR_DEFINITIONS = (
					"DEBUG=1",
					"$(inherited)",
				);
				GCC_WARN_64_TO_32_BIT_CONVERSION = YES;
				GCC_WARN_ABOUT_RETURN_TYPE = YES_ERROR;
				GCC_WARN_UNDECLARED_SELECTOR = YES;
				GCC_WARN_UNINITIALIZED_AUTOS = YES_AGGRESSIVE;
				GCC_WARN_UNUSED_FUNCTION = YES;
				GCC_WARN_UNUSED_VARIABLE = YES;
				IPHONEOS_DEPLOYMENT_TARGET = 10.3;
				MTL_ENABLE_DEBUG_INFO = YES;
				ONLY_ACTIVE_ARCH = YES;
				SDKROOT = iphoneos;
				SWIFT_ACTIVE_COMPILATION_CONDITIONS = DEBUG;
				SWIFT_OPTIMIZATION_LEVEL = "-Onone";
				TARGETED_DEVICE_FAMILY = "1,2";
			};
			name = Debug;
		};
		A39FE5D81EF8B3DA00C53662 /* Release */ = {
			isa = XCBuildConfiguration;
			buildSettings = {
				ALWAYS_SEARCH_USER_PATHS = NO;
				CLANG_ANALYZER_NONNULL = YES;
				CLANG_ANALYZER_NUMBER_OBJECT_CONVERSION = YES_AGGRESSIVE;
				CLANG_CXX_LANGUAGE_STANDARD = "gnu++0x";
				CLANG_CXX_LIBRARY = "libc++";
				CLANG_ENABLE_MODULES = YES;
				CLANG_ENABLE_OBJC_ARC = YES;
				CLANG_WARN_BOOL_CONVERSION = YES;
				CLANG_WARN_CONSTANT_CONVERSION = YES;
				CLANG_WARN_DIRECT_OBJC_ISA_USAGE = YES_ERROR;
				CLANG_WARN_DOCUMENTATION_COMMENTS = YES;
				CLANG_WARN_EMPTY_BODY = YES;
				CLANG_WARN_ENUM_CONVERSION = YES;
				CLANG_WARN_INFINITE_RECURSION = YES;
				CLANG_WARN_INT_CONVERSION = YES;
				CLANG_WARN_OBJC_ROOT_CLASS = YES_ERROR;
				CLANG_WARN_SUSPICIOUS_MOVE = YES;
				CLANG_WARN_UNREACHABLE_CODE = YES;
				CLANG_WARN__DUPLICATE_METHOD_MATCH = YES;
				"CODE_SIGN_IDENTITY[sdk=iphoneos*]" = "iPhone Developer";
				COPY_PHASE_STRIP = NO;
				DEBUG_INFORMATION_FORMAT = "dwarf-with-dsym";
				ENABLE_NS_ASSERTIONS = NO;
				ENABLE_STRICT_OBJC_MSGSEND = YES;
				GCC_C_LANGUAGE_STANDARD = gnu99;
				GCC_NO_COMMON_BLOCKS = YES;
				GCC_WARN_64_TO_32_BIT_CONVERSION = YES;
				GCC_WARN_ABOUT_RETURN_TYPE = YES_ERROR;
				GCC_WARN_UNDECLARED_SELECTOR = YES;
				GCC_WARN_UNINITIALIZED_AUTOS = YES_AGGRESSIVE;
				GCC_WARN_UNUSED_FUNCTION = YES;
				GCC_WARN_UNUSED_VARIABLE = YES;
				IPHONEOS_DEPLOYMENT_TARGET = 10.3;
				MTL_ENABLE_DEBUG_INFO = NO;
				SDKROOT = iphoneos;
				SWIFT_OPTIMIZATION_LEVEL = "-Owholemodule";
				TARGETED_DEVICE_FAMILY = "1,2";
				VALIDATE_PRODUCT = YES;
			};
			name = Release;
		};
		A39FE5DA1EF8B3DA00C53662 /* Debug */ = {
			isa = XCBuildConfiguration;
			buildSettings = {
				ASSETCATALOG_COMPILER_APPICON_NAME = AppIcon;
				DEVELOPMENT_TEAM = 32T9S8EBKN;
				INFOPLIST_FILE = ContactLLS/Info.plist;
				LD_RUNPATH_SEARCH_PATHS = "$(inherited) @executable_path/Frameworks";
				PRODUCT_BUNDLE_IDENTIFIER = com.zombiestech.ContactLLS;
				PRODUCT_NAME = "$(TARGET_NAME)";
				SWIFT_VERSION = 3.0;
			};
			name = Debug;
		};
		A39FE5DB1EF8B3DA00C53662 /* Release */ = {
			isa = XCBuildConfiguration;
			buildSettings = {
				ASSETCATALOG_COMPILER_APPICON_NAME = AppIcon;
				DEVELOPMENT_TEAM = 32T9S8EBKN;
				INFOPLIST_FILE = ContactLLS/Info.plist;
				LD_RUNPATH_SEARCH_PATHS = "$(inherited) @executable_path/Frameworks";
				PRODUCT_BUNDLE_IDENTIFIER = com.zombiestech.ContactLLS;
				PRODUCT_NAME = "$(TARGET_NAME)";
				SWIFT_VERSION = 3.0;
			};
			name = Release;
		};
		A39FE5DD1EF8B3DA00C53662 /* Debug */ = {
			isa = XCBuildConfiguration;
			buildSettings = {
				ALWAYS_EMBED_SWIFT_STANDARD_LIBRARIES = YES;
				BUNDLE_LOADER = "$(TEST_HOST)";
				DEVELOPMENT_TEAM = 32T9S8EBKN;
				INFOPLIST_FILE = ContactLLSTests/Info.plist;
				LD_RUNPATH_SEARCH_PATHS = "$(inherited) @executable_path/Frameworks @loader_path/Frameworks";
				PRODUCT_BUNDLE_IDENTIFIER = com.zombiestech.ContactLLSTests;
				PRODUCT_NAME = "$(TARGET_NAME)";
				SWIFT_VERSION = 3.0;
				TEST_HOST = "$(BUILT_PRODUCTS_DIR)/ContactLLS.app/ContactLLS";
			};
			name = Debug;
		};
		A39FE5DE1EF8B3DA00C53662 /* Release */ = {
			isa = XCBuildConfiguration;
			buildSettings = {
				ALWAYS_EMBED_SWIFT_STANDARD_LIBRARIES = YES;
				BUNDLE_LOADER = "$(TEST_HOST)";
				DEVELOPMENT_TEAM = 32T9S8EBKN;
				INFOPLIST_FILE = ContactLLSTests/Info.plist;
				LD_RUNPATH_SEARCH_PATHS = "$(inherited) @executable_path/Frameworks @loader_path/Frameworks";
				PRODUCT_BUNDLE_IDENTIFIER = com.zombiestech.ContactLLSTests;
				PRODUCT_NAME = "$(TARGET_NAME)";
				SWIFT_VERSION = 3.0;
				TEST_HOST = "$(BUILT_PRODUCTS_DIR)/ContactLLS.app/ContactLLS";
			};
			name = Release;
		};
		A39FE5E01EF8B3DA00C53662 /* Debug */ = {
			isa = XCBuildConfiguration;
			buildSettings = {
				ALWAYS_EMBED_SWIFT_STANDARD_LIBRARIES = YES;
				DEVELOPMENT_TEAM = 32T9S8EBKN;
				INFOPLIST_FILE = ContactLLSUITests/Info.plist;
				LD_RUNPATH_SEARCH_PATHS = "$(inherited) @executable_path/Frameworks @loader_path/Frameworks";
				PRODUCT_BUNDLE_IDENTIFIER = com.zombiestech.ContactLLSUITests;
				PRODUCT_NAME = "$(TARGET_NAME)";
				SWIFT_VERSION = 3.0;
				TEST_TARGET_NAME = ContactLLS;
			};
			name = Debug;
		};
		A39FE5E11EF8B3DA00C53662 /* Release */ = {
			isa = XCBuildConfiguration;
			buildSettings = {
				ALWAYS_EMBED_SWIFT_STANDARD_LIBRARIES = YES;
				DEVELOPMENT_TEAM = 32T9S8EBKN;
				INFOPLIST_FILE = ContactLLSUITests/Info.plist;
				LD_RUNPATH_SEARCH_PATHS = "$(inherited) @executable_path/Frameworks @loader_path/Frameworks";
				PRODUCT_BUNDLE_IDENTIFIER = com.zombiestech.ContactLLSUITests;
				PRODUCT_NAME = "$(TARGET_NAME)";
				SWIFT_VERSION = 3.0;
				TEST_TARGET_NAME = ContactLLS;
			};
			name = Release;
		};
/* End XCBuildConfiguration section */

/* Begin XCConfigurationList section */
		A39FE5A91EF8B3DA00C53662 /* Build configuration list for PBXProject "ContactLLS" */ = {
			isa = XCConfigurationList;
			buildConfigurations = (
				A39FE5D71EF8B3DA00C53662 /* Debug */,
				A39FE5D81EF8B3DA00C53662 /* Release */,
			);
			defaultConfigurationIsVisible = 0;
			defaultConfigurationName = Release;
		};
		A39FE5D91EF8B3DA00C53662 /* Build configuration list for PBXNativeTarget "ContactLLS" */ = {
			isa = XCConfigurationList;
			buildConfigurations = (
				A39FE5DA1EF8B3DA00C53662 /* Debug */,
				A39FE5DB1EF8B3DA00C53662 /* Release */,
			);
			defaultConfigurationIsVisible = 0;
		};
		A39FE5DC1EF8B3DA00C53662 /* Build configuration list for PBXNativeTarget "ContactLLSTests" */ = {
			isa = XCConfigurationList;
			buildConfigurations = (
				A39FE5DD1EF8B3DA00C53662 /* Debug */,
				A39FE5DE1EF8B3DA00C53662 /* Release */,
			);
			defaultConfigurationIsVisible = 0;
		};
		A39FE5DF1EF8B3DA00C53662 /* Build configuration list for PBXNativeTarget "ContactLLSUITests" */ = {
			isa = XCConfigurationList;
			buildConfigurations = (
				A39FE5E01EF8B3DA00C53662 /* Debug */,
				A39FE5E11EF8B3DA00C53662 /* Release */,
			);
			defaultConfigurationIsVisible = 0;
		};
/* End XCConfigurationList section */

/* Begin XCVersionGroup section */
		A39FE5B81EF8B3DA00C53662 /* ContactLLS.xcdatamodeld */ = {
			isa = XCVersionGroup;
			children = (
				A39FE5B91EF8B3DA00C53662 /* ContactLLS.xcdatamodel */,
			);
			currentVersion = A39FE5B91EF8B3DA00C53662 /* ContactLLS.xcdatamodel */;
			path = ContactLLS.xcdatamodeld;
			sourceTree = "<group>";
			versionGroupType = wrapper.xcdatamodel;
		};
/* End XCVersionGroup section */
	};
	rootObject = A39FE5A61EF8B3DA00C53662 /* Project object */;
}
