// !$*UTF8*$!
{
	archiveVersion = 1;
	classes = {
	};
	objectVersion = 46;
	objects = {

/* Begin PBXBuildFile section */
		1271999447FE2D9D1DE17C21 /* Pods_ContactLLS.framework in Frameworks */ = {isa = PBXBuildFile; fileRef = 06A977CB3764CAB35C594281 /* Pods_ContactLLS.framework */; };
		A315934A1EFD6DB800D6CF39 /* UIImage+Extension.swift in Sources */ = {isa = PBXBuildFile; fileRef = A31593491EFD6DB800D6CF39 /* UIImage+Extension.swift */; };
		A328613B1EFF993D00319769 /* VPImageCropperViewController.m in Sources */ = {isa = PBXBuildFile; fileRef = A328613A1EFF993D00319769 /* VPImageCropperViewController.m */; };
		A32861421EFFA14000319769 /* SimpleInformationAddCell.swift in Sources */ = {isa = PBXBuildFile; fileRef = A32861401EFFA14000319769 /* SimpleInformationAddCell.swift */; };
		A32861431EFFA14000319769 /* SimpleInformationAddCell.xib in Resources */ = {isa = PBXBuildFile; fileRef = A32861411EFFA14000319769 /* SimpleInformationAddCell.xib */; };
		A33091EE1EFA68ED000D522F /* mock_contacts.json in Resources */ = {isa = PBXBuildFile; fileRef = A33091ED1EFA68ED000D522F /* mock_contacts.json */; };
		A35199891EFB55180001AEDD /* ContactModelController.swift in Sources */ = {isa = PBXBuildFile; fileRef = A35199881EFB55180001AEDD /* ContactModelController.swift */; };
		A351998D1EFB859B0001AEDD /* ModelCellDelegate.swift in Sources */ = {isa = PBXBuildFile; fileRef = A351998C1EFB859B0001AEDD /* ModelCellDelegate.swift */; };
		A351998F1EFBAF990001AEDD /* ContactDetailViewController.swift in Sources */ = {isa = PBXBuildFile; fileRef = A351998E1EFBAF990001AEDD /* ContactDetailViewController.swift */; };
		A35199911EFBB2340001AEDD /* ContactDetailHeaderView.swift in Sources */ = {isa = PBXBuildFile; fileRef = A35199901EFBB2340001AEDD /* ContactDetailHeaderView.swift */; };
		A35199951EFBB4DC0001AEDD /* BaseViewController.swift in Sources */ = {isa = PBXBuildFile; fileRef = A35199941EFBB4DC0001AEDD /* BaseViewController.swift */; };
		A35199971EFBC4440001AEDD /* UIColor+Extension.swift in Sources */ = {isa = PBXBuildFile; fileRef = A35199961EFBC4440001AEDD /* UIColor+Extension.swift */; };
		A35199991EFBC64E0001AEDD /* UIView+Extension.swift in Sources */ = {isa = PBXBuildFile; fileRef = A35199981EFBC64E0001AEDD /* UIView+Extension.swift */; };
		A385D89A1EFE428F00F5859A /* ContactDetailHeaderActionView.swift in Sources */ = {isa = PBXBuildFile; fileRef = A385D8991EFE428F00F5859A /* ContactDetailHeaderActionView.swift */; };
		A385D89C1EFE42AA00F5859A /* ContactDetailHeaderActionView.xib in Resources */ = {isa = PBXBuildFile; fileRef = A385D89B1EFE42AA00F5859A /* ContactDetailHeaderActionView.xib */; };
		A385D8A01EFE4C3B00F5859A /* SimpleInformationCell.swift in Sources */ = {isa = PBXBuildFile; fileRef = A385D89E1EFE4C3B00F5859A /* SimpleInformationCell.swift */; };
		A385D8A11EFE4C3B00F5859A /* SimpleInformationCell.xib in Resources */ = {isa = PBXBuildFile; fileRef = A385D89F1EFE4C3B00F5859A /* SimpleInformationCell.xib */; };
		A385D8A31EFE5C7B00F5859A /* PhoneModelController.swift in Sources */ = {isa = PBXBuildFile; fileRef = A385D8A21EFE5C7B00F5859A /* PhoneModelController.swift */; };
		A385D8A51EFE63E800F5859A /* PhoneModel.swift in Sources */ = {isa = PBXBuildFile; fileRef = A385D8A41EFE63E800F5859A /* PhoneModel.swift */; };
		A385D8A71EFE640500F5859A /* NameModel.swift in Sources */ = {isa = PBXBuildFile; fileRef = A385D8A61EFE640500F5859A /* NameModel.swift */; };
		A385D8A91EFE642300F5859A /* EmailModel.swift in Sources */ = {isa = PBXBuildFile; fileRef = A385D8A81EFE642300F5859A /* EmailModel.swift */; };
		A385D8AB1EFE66D600F5859A /* EmailModelController.swift in Sources */ = {isa = PBXBuildFile; fileRef = A385D8AA1EFE66D600F5859A /* EmailModelController.swift */; };
		A385D8AD1EFE890600F5859A /* ModelController.swift in Sources */ = {isa = PBXBuildFile; fileRef = A385D8AC1EFE890600F5859A /* ModelController.swift */; };
		A385D8AF1EFE899900F5859A /* Model.swift in Sources */ = {isa = PBXBuildFile; fileRef = A385D8AE1EFE899900F5859A /* Model.swift */; };
		A385D8B11EFE8C1700F5859A /* BirthdayModel.swift in Sources */ = {isa = PBXBuildFile; fileRef = A385D8B01EFE8C1700F5859A /* BirthdayModel.swift */; };
		A385D8B31EFE8CC200F5859A /* BirthdayModelController.swift in Sources */ = {isa = PBXBuildFile; fileRef = A385D8B21EFE8CC100F5859A /* BirthdayModelController.swift */; };
		A39FE5B21EF8B3DA00C53662 /* AppDelegate.swift in Sources */ = {isa = PBXBuildFile; fileRef = A39FE5B11EF8B3DA00C53662 /* AppDelegate.swift */; };
		A39FE5B71EF8B3DA00C53662 /* Main.storyboard in Resources */ = {isa = PBXBuildFile; fileRef = A39FE5B51EF8B3DA00C53662 /* Main.storyboard */; };
		A39FE5BA1EF8B3DA00C53662 /* ContactLLS.xcdatamodeld in Sources */ = {isa = PBXBuildFile; fileRef = A39FE5B81EF8B3DA00C53662 /* ContactLLS.xcdatamodeld */; };
		A39FE5BC1EF8B3DA00C53662 /* Assets.xcassets in Resources */ = {isa = PBXBuildFile; fileRef = A39FE5BB1EF8B3DA00C53662 /* Assets.xcassets */; };
		A39FE5BF1EF8B3DA00C53662 /* LaunchScreen.storyboard in Resources */ = {isa = PBXBuildFile; fileRef = A39FE5BD1EF8B3DA00C53662 /* LaunchScreen.storyboard */; };
		A39FE5CA1EF8B3DA00C53662 /* ContactLLSTests.swift in Sources */ = {isa = PBXBuildFile; fileRef = A39FE5C91EF8B3DA00C53662 /* ContactLLSTests.swift */; };
		A39FE5D51EF8B3DA00C53662 /* ContactLLSUITests.swift in Sources */ = {isa = PBXBuildFile; fileRef = A39FE5D41EF8B3DA00C53662 /* ContactLLSUITests.swift */; };
		A39FE5E41EF8B5E700C53662 /* Localizable.strings in Resources */ = {isa = PBXBuildFile; fileRef = A39FE5E61EF8B5E700C53662 /* Localizable.strings */; };
		A39FE5ED1EF8B82D00C53662 /* String+Extension.swift in Sources */ = {isa = PBXBuildFile; fileRef = A39FE5EC1EF8B82D00C53662 /* String+Extension.swift */; };
		A39FE5F61EF8C27000C53662 /* ContactListSearchResultTableViewController.swift in Sources */ = {isa = PBXBuildFile; fileRef = A39FE5F31EF8C27000C53662 /* ContactListSearchResultTableViewController.swift */; };
		A39FE5F71EF8C27000C53662 /* ContactListTableViewController.swift in Sources */ = {isa = PBXBuildFile; fileRef = A39FE5F41EF8C27000C53662 /* ContactListTableViewController.swift */; };
		A39FE5F81EF8C27000C53662 /* ContactListViewController.swift in Sources */ = {isa = PBXBuildFile; fileRef = A39FE5F51EF8C27000C53662 /* ContactListViewController.swift */; };
		A39FE5FE1EF8C33900C53662 /* ContactListSearchResultTableViewCell.swift in Sources */ = {isa = PBXBuildFile; fileRef = A39FE5FC1EF8C33900C53662 /* ContactListSearchResultTableViewCell.swift */; };
		A39FE5FF1EF8C33900C53662 /* ContactListSearchResultTableViewCell.xib in Resources */ = {isa = PBXBuildFile; fileRef = A39FE5FD1EF8C33900C53662 /* ContactListSearchResultTableViewCell.xib */; };
		A39FE6011EF8C37700C53662 /* CellInterface.swift in Sources */ = {isa = PBXBuildFile; fileRef = A39FE6001EF8C37700C53662 /* CellInterface.swift */; };
		A39FE6041EF8C66300C53662 /* ContactListTableViewCell.swift in Sources */ = {isa = PBXBuildFile; fileRef = A39FE6021EF8C66300C53662 /* ContactListTableViewCell.swift */; };
		A39FE6051EF8C66300C53662 /* ContactListTableViewCell.xib in Resources */ = {isa = PBXBuildFile; fileRef = A39FE6031EF8C66300C53662 /* ContactListTableViewCell.xib */; };
		A39FE6091EF8C6CF00C53662 /* ContactModel.swift in Sources */ = {isa = PBXBuildFile; fileRef = A39FE6081EF8C6CF00C53662 /* ContactModel.swift */; };
		A3F9AE491EFEC39400E05D3E /* Date+Extension.swift in Sources */ = {isa = PBXBuildFile; fileRef = A3F9AE481EFEC39400E05D3E /* Date+Extension.swift */; };
		A3F9AE4B1EFEC92800E05D3E /* ContactDetailEditViewController.swift in Sources */ = {isa = PBXBuildFile; fileRef = A3F9AE4A1EFEC92800E05D3E /* ContactDetailEditViewController.swift */; };
		A3F9AE4D1EFECCCD00E05D3E /* UIButton+Extension.swift in Sources */ = {isa = PBXBuildFile; fileRef = A3F9AE4C1EFECCCD00E05D3E /* UIButton+Extension.swift */; };
		A3F9AE531EFF80D600E05D3E /* ContactDetailEditHeaderView.swift in Sources */ = {isa = PBXBuildFile; fileRef = A3F9AE521EFF80D600E05D3E /* ContactDetailEditHeaderView.swift */; };
		A3F9AE551EFF80F200E05D3E /* ContactDetailEditHeaderView.xib in Resources */ = {isa = PBXBuildFile; fileRef = A3F9AE541EFF80F200E05D3E /* ContactDetailEditHeaderView.xib */; };
/* End PBXBuildFile section */

/* Begin PBXContainerItemProxy section */
		A39FE5C61EF8B3DA00C53662 /* PBXContainerItemProxy */ = {
			isa = PBXContainerItemProxy;
			containerPortal = A39FE5A61EF8B3DA00C53662 /* Project object */;
			proxyType = 1;
			remoteGlobalIDString = A39FE5AD1EF8B3DA00C53662;
			remoteInfo = ContactLLS;
		};
		A39FE5D11EF8B3DA00C53662 /* PBXContainerItemProxy */ = {
			isa = PBXContainerItemProxy;
			containerPortal = A39FE5A61EF8B3DA00C53662 /* Project object */;
			proxyType = 1;
			remoteGlobalIDString = A39FE5AD1EF8B3DA00C53662;
			remoteInfo = ContactLLS;
		};
/* End PBXContainerItemProxy section */

/* Begin PBXFileReference section */
		06A977CB3764CAB35C594281 /* Pods_ContactLLS.framework */ = {isa = PBXFileReference; explicitFileType = wrapper.framework; includeInIndex = 0; path = Pods_ContactLLS.framework; sourceTree = BUILT_PRODUCTS_DIR; };
		3675D4B997335820DA9EC5B5 /* Pods-ContactLLS.release.xcconfig */ = {isa = PBXFileReference; includeInIndex = 1; lastKnownFileType = text.xcconfig; name = "Pods-ContactLLS.release.xcconfig"; path = "Pods/Target Support Files/Pods-ContactLLS/Pods-ContactLLS.release.xcconfig"; sourceTree = "<group>"; };
		A31593491EFD6DB800D6CF39 /* UIImage+Extension.swift */ = {isa = PBXFileReference; fileEncoding = 4; lastKnownFileType = sourcecode.swift; name = "UIImage+Extension.swift"; path = "Utils/UIImage+Extension.swift"; sourceTree = "<group>"; };
		A32861391EFF993D00319769 /* VPImageCropperViewController.h */ = {isa = PBXFileReference; fileEncoding = 4; lastKnownFileType = sourcecode.c.h; path = VPImageCropperViewController.h; sourceTree = "<group>"; };
		A328613A1EFF993D00319769 /* VPImageCropperViewController.m */ = {isa = PBXFileReference; fileEncoding = 4; lastKnownFileType = sourcecode.c.objc; path = VPImageCropperViewController.m; sourceTree = "<group>"; };
		A328613F1EFF99E700319769 /* ContactLLS-Bridging-Header.h */ = {isa = PBXFileReference; lastKnownFileType = sourcecode.c.h; path = "ContactLLS-Bridging-Header.h"; sourceTree = "<group>"; };
		A32861401EFFA14000319769 /* SimpleInformationAddCell.swift */ = {isa = PBXFileReference; fileEncoding = 4; lastKnownFileType = sourcecode.swift; name = SimpleInformationAddCell.swift; path = Views/SimpleInformationAddCell.swift; sourceTree = "<group>"; };
		A32861411EFFA14000319769 /* SimpleInformationAddCell.xib */ = {isa = PBXFileReference; fileEncoding = 4; lastKnownFileType = file.xib; name = SimpleInformationAddCell.xib; path = Views/SimpleInformationAddCell.xib; sourceTree = "<group>"; };
		A33091ED1EFA68ED000D522F /* mock_contacts.json */ = {isa = PBXFileReference; fileEncoding = 4; lastKnownFileType = text.json; path = mock_contacts.json; sourceTree = "<group>"; };
		A35199881EFB55180001AEDD /* ContactModelController.swift */ = {isa = PBXFileReference; fileEncoding = 4; lastKnownFileType = sourcecode.swift; name = ContactModelController.swift; path = ModelControllers/ContactModelController.swift; sourceTree = "<group>"; };
		A351998C1EFB859B0001AEDD /* ModelCellDelegate.swift */ = {isa = PBXFileReference; fileEncoding = 4; lastKnownFileType = sourcecode.swift; name = ModelCellDelegate.swift; path = Utils/ModelCellDelegate.swift; sourceTree = "<group>"; };
		A351998E1EFBAF990001AEDD /* ContactDetailViewController.swift */ = {isa = PBXFileReference; fileEncoding = 4; lastKnownFileType = sourcecode.swift; name = ContactDetailViewController.swift; path = ViewControllers/ContactDetailViewController.swift; sourceTree = "<group>"; };
		A35199901EFBB2340001AEDD /* ContactDetailHeaderView.swift */ = {isa = PBXFileReference; fileEncoding = 4; lastKnownFileType = sourcecode.swift; name = ContactDetailHeaderView.swift; path = Views/ContactDetailHeaderView.swift; sourceTree = "<group>"; };
		A35199941EFBB4DC0001AEDD /* BaseViewController.swift */ = {isa = PBXFileReference; fileEncoding = 4; lastKnownFileType = sourcecode.swift; name = BaseViewController.swift; path = Utils/BaseViewController.swift; sourceTree = "<group>"; };
		A35199961EFBC4440001AEDD /* UIColor+Extension.swift */ = {isa = PBXFileReference; fileEncoding = 4; lastKnownFileType = sourcecode.swift; name = "UIColor+Extension.swift"; path = "Utils/UIColor+Extension.swift"; sourceTree = "<group>"; };
		A35199981EFBC64E0001AEDD /* UIView+Extension.swift */ = {isa = PBXFileReference; fileEncoding = 4; lastKnownFileType = sourcecode.swift; name = "UIView+Extension.swift"; path = "Utils/UIView+Extension.swift"; sourceTree = "<group>"; };
		A385D8991EFE428F00F5859A /* ContactDetailHeaderActionView.swift */ = {isa = PBXFileReference; fileEncoding = 4; lastKnownFileType = sourcecode.swift; name = ContactDetailHeaderActionView.swift; path = Views/ContactDetailHeaderActionView.swift; sourceTree = "<group>"; };
		A385D89B1EFE42AA00F5859A /* ContactDetailHeaderActionView.xib */ = {isa = PBXFileReference; fileEncoding = 4; lastKnownFileType = file.xib; name = ContactDetailHeaderActionView.xib; path = Views/ContactDetailHeaderActionView.xib; sourceTree = "<group>"; };
		A385D89E1EFE4C3B00F5859A /* SimpleInformationCell.swift */ = {isa = PBXFileReference; fileEncoding = 4; lastKnownFileType = sourcecode.swift; name = SimpleInformationCell.swift; path = Views/SimpleInformationCell.swift; sourceTree = "<group>"; };
		A385D89F1EFE4C3B00F5859A /* SimpleInformationCell.xib */ = {isa = PBXFileReference; fileEncoding = 4; lastKnownFileType = file.xib; name = SimpleInformationCell.xib; path = Views/SimpleInformationCell.xib; sourceTree = "<group>"; };
		A385D8A21EFE5C7B00F5859A /* PhoneModelController.swift */ = {isa = PBXFileReference; fileEncoding = 4; lastKnownFileType = sourcecode.swift; name = PhoneModelController.swift; path = ModelControllers/PhoneModelController.swift; sourceTree = "<group>"; };
		A385D8A41EFE63E800F5859A /* PhoneModel.swift */ = {isa = PBXFileReference; fileEncoding = 4; lastKnownFileType = sourcecode.swift; name = PhoneModel.swift; path = Models/PhoneModel.swift; sourceTree = "<group>"; };
		A385D8A61EFE640500F5859A /* NameModel.swift */ = {isa = PBXFileReference; fileEncoding = 4; lastKnownFileType = sourcecode.swift; name = NameModel.swift; path = Models/NameModel.swift; sourceTree = "<group>"; };
		A385D8A81EFE642300F5859A /* EmailModel.swift */ = {isa = PBXFileReference; fileEncoding = 4; lastKnownFileType = sourcecode.swift; name = EmailModel.swift; path = Models/EmailModel.swift; sourceTree = "<group>"; };
		A385D8AA1EFE66D600F5859A /* EmailModelController.swift */ = {isa = PBXFileReference; fileEncoding = 4; lastKnownFileType = sourcecode.swift; name = EmailModelController.swift; path = ModelControllers/EmailModelController.swift; sourceTree = "<group>"; };
		A385D8AC1EFE890600F5859A /* ModelController.swift */ = {isa = PBXFileReference; fileEncoding = 4; lastKnownFileType = sourcecode.swift; name = ModelController.swift; path = ModelControllers/ModelController.swift; sourceTree = "<group>"; };
		A385D8AE1EFE899900F5859A /* Model.swift */ = {isa = PBXFileReference; fileEncoding = 4; lastKnownFileType = sourcecode.swift; name = Model.swift; path = Models/Model.swift; sourceTree = "<group>"; };
		A385D8B01EFE8C1700F5859A /* BirthdayModel.swift */ = {isa = PBXFileReference; fileEncoding = 4; lastKnownFileType = sourcecode.swift; name = BirthdayModel.swift; path = Models/BirthdayModel.swift; sourceTree = "<group>"; };
		A385D8B21EFE8CC100F5859A /* BirthdayModelController.swift */ = {isa = PBXFileReference; fileEncoding = 4; lastKnownFileType = sourcecode.swift; name = BirthdayModelController.swift; path = ModelControllers/BirthdayModelController.swift; sourceTree = "<group>"; };
		A39FE5AE1EF8B3DA00C53662 /* ContactLLS.app */ = {isa = PBXFileReference; explicitFileType = wrapper.application; includeInIndex = 0; path = ContactLLS.app; sourceTree = BUILT_PRODUCTS_DIR; };
		A39FE5B11EF8B3DA00C53662 /* AppDelegate.swift */ = {isa = PBXFileReference; lastKnownFileType = sourcecode.swift; path = AppDelegate.swift; sourceTree = "<group>"; };
		A39FE5B61EF8B3DA00C53662 /* Base */ = {isa = PBXFileReference; lastKnownFileType = file.storyboard; name = Base; path = Base.lproj/Main.storyboard; sourceTree = "<group>"; };
		A39FE5B91EF8B3DA00C53662 /* ContactLLS.xcdatamodel */ = {isa = PBXFileReference; lastKnownFileType = wrapper.xcdatamodel; path = ContactLLS.xcdatamodel; sourceTree = "<group>"; };
		A39FE5BB1EF8B3DA00C53662 /* Assets.xcassets */ = {isa = PBXFileReference; lastKnownFileType = folder.assetcatalog; path = Assets.xcassets; sourceTree = "<group>"; };
		A39FE5BE1EF8B3DA00C53662 /* Base */ = {isa = PBXFileReference; lastKnownFileType = file.storyboard; name = Base; path = Base.lproj/LaunchScreen.storyboard; sourceTree = "<group>"; };
		A39FE5C01EF8B3DA00C53662 /* Info.plist */ = {isa = PBXFileReference; lastKnownFileType = text.plist.xml; path = Info.plist; sourceTree = "<group>"; };
		A39FE5C51EF8B3DA00C53662 /* ContactLLSTests.xctest */ = {isa = PBXFileReference; explicitFileType = wrapper.cfbundle; includeInIndex = 0; path = ContactLLSTests.xctest; sourceTree = BUILT_PRODUCTS_DIR; };
		A39FE5C91EF8B3DA00C53662 /* ContactLLSTests.swift */ = {isa = PBXFileReference; lastKnownFileType = sourcecode.swift; path = ContactLLSTests.swift; sourceTree = "<group>"; };
		A39FE5CB1EF8B3DA00C53662 /* Info.plist */ = {isa = PBXFileReference; lastKnownFileType = text.plist.xml; path = Info.plist; sourceTree = "<group>"; };
		A39FE5D01EF8B3DA00C53662 /* ContactLLSUITests.xctest */ = {isa = PBXFileReference; explicitFileType = wrapper.cfbundle; includeInIndex = 0; path = ContactLLSUITests.xctest; sourceTree = BUILT_PRODUCTS_DIR; };
		A39FE5D41EF8B3DA00C53662 /* ContactLLSUITests.swift */ = {isa = PBXFileReference; lastKnownFileType = sourcecode.swift; path = ContactLLSUITests.swift; sourceTree = "<group>"; };
		A39FE5D61EF8B3DA00C53662 /* Info.plist */ = {isa = PBXFileReference; lastKnownFileType = text.plist.xml; path = Info.plist; sourceTree = "<group>"; };
		A39FE5E91EF8B60A00C53662 /* Base */ = {isa = PBXFileReference; lastKnownFileType = text.plist.strings; name = Base; path = Base.lproj/Localizable.strings; sourceTree = "<group>"; };
		A39FE5EA1EF8B78A00C53662 /* zh-Hans */ = {isa = PBXFileReference; lastKnownFileType = text.plist.strings; name = "zh-Hans"; path = "zh-Hans.lproj/Localizable.strings"; sourceTree = "<group>"; };
		A39FE5EC1EF8B82D00C53662 /* String+Extension.swift */ = {isa = PBXFileReference; fileEncoding = 4; lastKnownFileType = sourcecode.swift; name = "String+Extension.swift"; path = "Utils/String+Extension.swift"; sourceTree = "<group>"; };
		A39FE5F31EF8C27000C53662 /* ContactListSearchResultTableViewController.swift */ = {isa = PBXFileReference; fileEncoding = 4; lastKnownFileType = sourcecode.swift; name = ContactListSearchResultTableViewController.swift; path = ViewControllers/ContactListSearchResultTableViewController.swift; sourceTree = "<group>"; };
		A39FE5F41EF8C27000C53662 /* ContactListTableViewController.swift */ = {isa = PBXFileReference; fileEncoding = 4; lastKnownFileType = sourcecode.swift; name = ContactListTableViewController.swift; path = ViewControllers/ContactListTableViewController.swift; sourceTree = "<group>"; };
		A39FE5F51EF8C27000C53662 /* ContactListViewController.swift */ = {isa = PBXFileReference; fileEncoding = 4; lastKnownFileType = sourcecode.swift; name = ContactListViewController.swift; path = ViewControllers/ContactListViewController.swift; sourceTree = "<group>"; };
		A39FE5FC1EF8C33900C53662 /* ContactListSearchResultTableViewCell.swift */ = {isa = PBXFileReference; fileEncoding = 4; lastKnownFileType = sourcecode.swift; name = ContactListSearchResultTableViewCell.swift; path = Views/ContactListSearchResultTableViewCell.swift; sourceTree = "<group>"; };
		A39FE5FD1EF8C33900C53662 /* ContactListSearchResultTableViewCell.xib */ = {isa = PBXFileReference; fileEncoding = 4; lastKnownFileType = file.xib; name = ContactListSearchResultTableViewCell.xib; path = Views/ContactListSearchResultTableViewCell.xib; sourceTree = "<group>"; };
		A39FE6001EF8C37700C53662 /* CellInterface.swift */ = {isa = PBXFileReference; fileEncoding = 4; lastKnownFileType = sourcecode.swift; name = CellInterface.swift; path = Utils/CellInterface.swift; sourceTree = "<group>"; };
		A39FE6021EF8C66300C53662 /* ContactListTableViewCell.swift */ = {isa = PBXFileReference; fileEncoding = 4; lastKnownFileType = sourcecode.swift; name = ContactListTableViewCell.swift; path = Views/ContactListTableViewCell.swift; sourceTree = "<group>"; };
		A39FE6031EF8C66300C53662 /* ContactListTableViewCell.xib */ = {isa = PBXFileReference; fileEncoding = 4; lastKnownFileType = file.xib; name = ContactListTableViewCell.xib; path = Views/ContactListTableViewCell.xib; sourceTree = "<group>"; };
		A39FE6081EF8C6CF00C53662 /* ContactModel.swift */ = {isa = PBXFileReference; fileEncoding = 4; lastKnownFileType = sourcecode.swift; name = ContactModel.swift; path = Models/ContactModel.swift; sourceTree = "<group>"; };
		A3F9AE481EFEC39400E05D3E /* Date+Extension.swift */ = {isa = PBXFileReference; fileEncoding = 4; lastKnownFileType = sourcecode.swift; name = "Date+Extension.swift"; path = "Utils/Date+Extension.swift"; sourceTree = "<group>"; };
		A3F9AE4A1EFEC92800E05D3E /* ContactDetailEditViewController.swift */ = {isa = PBXFileReference; fileEncoding = 4; lastKnownFileType = sourcecode.swift; name = ContactDetailEditViewController.swift; path = ViewControllers/ContactDetailEditViewController.swift; sourceTree = "<group>"; };
		A3F9AE4C1EFECCCD00E05D3E /* UIButton+Extension.swift */ = {isa = PBXFileReference; fileEncoding = 4; lastKnownFileType = sourcecode.swift; name = "UIButton+Extension.swift"; path = "Utils/UIButton+Extension.swift"; sourceTree = "<group>"; };
		A3F9AE521EFF80D600E05D3E /* ContactDetailEditHeaderView.swift */ = {isa = PBXFileReference; fileEncoding = 4; lastKnownFileType = sourcecode.swift; name = ContactDetailEditHeaderView.swift; path = Views/ContactDetailEditHeaderView.swift; sourceTree = "<group>"; };
		A3F9AE541EFF80F200E05D3E /* ContactDetailEditHeaderView.xib */ = {isa = PBXFileReference; fileEncoding = 4; lastKnownFileType = file.xib; name = ContactDetailEditHeaderView.xib; path = Views/ContactDetailEditHeaderView.xib; sourceTree = "<group>"; };
		E72B37841F91612B5448E16D /* Pods-ContactLLS.debug.xcconfig */ = {isa = PBXFileReference; includeInIndex = 1; lastKnownFileType = text.xcconfig; name = "Pods-ContactLLS.debug.xcconfig"; path = "Pods/Target Support Files/Pods-ContactLLS/Pods-ContactLLS.debug.xcconfig"; sourceTree = "<group>"; };
/* End PBXFileReference section */

/* Begin PBXFrameworksBuildPhase section */
		A39FE5AB1EF8B3DA00C53662 /* Frameworks */ = {
			isa = PBXFrameworksBuildPhase;
			buildActionMask = 2147483647;
			files = (
				1271999447FE2D9D1DE17C21 /* Pods_ContactLLS.framework in Frameworks */,
			);
			runOnlyForDeploymentPostprocessing = 0;
		};
		A39FE5C21EF8B3DA00C53662 /* Frameworks */ = {
			isa = PBXFrameworksBuildPhase;
			buildActionMask = 2147483647;
			files = (
			);
			runOnlyForDeploymentPostprocessing = 0;
		};
		A39FE5CD1EF8B3DA00C53662 /* Frameworks */ = {
			isa = PBXFrameworksBuildPhase;
			buildActionMask = 2147483647;
			files = (
			);
			runOnlyForDeploymentPostprocessing = 0;
		};
/* End PBXFrameworksBuildPhase section */

/* Begin PBXGroup section */
		A32861381EFF993D00319769 /* VPImageCropper */ = {
			isa = PBXGroup;
			children = (
				A32861391EFF993D00319769 /* VPImageCropperViewController.h */,
				A328613A1EFF993D00319769 /* VPImageCropperViewController.m */,
			);
			path = VPImageCropper;
			sourceTree = "<group>";
		};
		A33091EC1EFA6855000D522F /* Resources */ = {
			isa = PBXGroup;
			children = (
				A39FE5E61EF8B5E700C53662 /* Localizable.strings */,
				A33091ED1EFA68ED000D522F /* mock_contacts.json */,
			);
			name = Resources;
			sourceTree = "<group>";
		};
		A33091EF1EFA6A6D000D522F /* 3rdPart */ = {
			isa = PBXGroup;
			children = (
				A32861381EFF993D00319769 /* VPImageCropper */,
			);
			name = 3rdPart;
			sourceTree = "<group>";
		};
		A385D89D1EFE4BEA00F5859A /* Cells */ = {
			isa = PBXGroup;
			children = (
				A39FE5FC1EF8C33900C53662 /* ContactListSearchResultTableViewCell.swift */,
				A39FE5FD1EF8C33900C53662 /* ContactListSearchResultTableViewCell.xib */,
				A39FE6021EF8C66300C53662 /* ContactListTableViewCell.swift */,
				A39FE6031EF8C66300C53662 /* ContactListTableViewCell.xib */,
				A385D89E1EFE4C3B00F5859A /* SimpleInformationCell.swift */,
				A385D89F1EFE4C3B00F5859A /* SimpleInformationCell.xib */,
				A32861401EFFA14000319769 /* SimpleInformationAddCell.swift */,
				A32861411EFFA14000319769 /* SimpleInformationAddCell.xib */,
			);
			name = Cells;
			sourceTree = "<group>";
		};
		A39FE5A51EF8B3DA00C53662 = {
			isa = PBXGroup;
			children = (
				A328613F1EFF99E700319769 /* ContactLLS-Bridging-Header.h */,
				A33091EF1EFA6A6D000D522F /* 3rdPart */,
				A39FE5EB1EF8B7D100C53662 /* Utils */,
				A39FE5B01EF8B3DA00C53662 /* ContactLLS */,
				A39FE5C81EF8B3DA00C53662 /* ContactLLSTests */,
				A39FE5D31EF8B3DA00C53662 /* ContactLLSUITests */,
				A39FE5AF1EF8B3DA00C53662 /* Products */,
				DACFEDBB2F2718B1C89B2741 /* Pods */,
				E225CA0665C2954DA1E62E92 /* Frameworks */,
			);
			sourceTree = "<group>";
		};
		A39FE5AF1EF8B3DA00C53662 /* Products */ = {
			isa = PBXGroup;
			children = (
				A39FE5AE1EF8B3DA00C53662 /* ContactLLS.app */,
				A39FE5C51EF8B3DA00C53662 /* ContactLLSTests.xctest */,
				A39FE5D01EF8B3DA00C53662 /* ContactLLSUITests.xctest */,
			);
			name = Products;
			sourceTree = "<group>";
		};
		A39FE5B01EF8B3DA00C53662 /* ContactLLS */ = {
			isa = PBXGroup;
			children = (
				A33091EC1EFA6855000D522F /* Resources */,
				A39FE6071EF8C69000C53662 /* ModelControllers */,
				A39FE6061EF8C68200C53662 /* Models */,
				A39FE5F91EF8C28300C53662 /* Views */,
				A39FE5F21EF8C23E00C53662 /* ViewControllers */,
				A39FE5B11EF8B3DA00C53662 /* AppDelegate.swift */,
				A39FE5B51EF8B3DA00C53662 /* Main.storyboard */,
				A39FE5BB1EF8B3DA00C53662 /* Assets.xcassets */,
				A39FE5BD1EF8B3DA00C53662 /* LaunchScreen.storyboard */,
				A39FE5C01EF8B3DA00C53662 /* Info.plist */,
				A39FE5B81EF8B3DA00C53662 /* ContactLLS.xcdatamodeld */,
			);
			path = ContactLLS;
			sourceTree = "<group>";
		};
		A39FE5C81EF8B3DA00C53662 /* ContactLLSTests */ = {
			isa = PBXGroup;
			children = (
				A39FE5C91EF8B3DA00C53662 /* ContactLLSTests.swift */,
				A39FE5CB1EF8B3DA00C53662 /* Info.plist */,
			);
			path = ContactLLSTests;
			sourceTree = "<group>";
		};
		A39FE5D31EF8B3DA00C53662 /* ContactLLSUITests */ = {
			isa = PBXGroup;
			children = (
				A39FE5D41EF8B3DA00C53662 /* ContactLLSUITests.swift */,
				A39FE5D61EF8B3DA00C53662 /* Info.plist */,
			);
			path = ContactLLSUITests;
			sourceTree = "<group>";
		};
		A39FE5EB1EF8B7D100C53662 /* Utils */ = {
			isa = PBXGroup;
			children = (
				A39FE5EC1EF8B82D00C53662 /* String+Extension.swift */,
				A39FE6001EF8C37700C53662 /* CellInterface.swift */,
				A351998C1EFB859B0001AEDD /* ModelCellDelegate.swift */,
				A35199941EFBB4DC0001AEDD /* BaseViewController.swift */,
				A35199961EFBC4440001AEDD /* UIColor+Extension.swift */,
				A31593491EFD6DB800D6CF39 /* UIImage+Extension.swift */,
				A3F9AE481EFEC39400E05D3E /* Date+Extension.swift */,
				A3F9AE4C1EFECCCD00E05D3E /* UIButton+Extension.swift */,
				A35199981EFBC64E0001AEDD /* UIView+Extension.swift */,
			);
			name = Utils;
			sourceTree = "<group>";
		};
		A39FE5F21EF8C23E00C53662 /* ViewControllers */ = {
			isa = PBXGroup;
			children = (
				A39FE5F31EF8C27000C53662 /* ContactListSearchResultTableViewController.swift */,
				A39FE5F41EF8C27000C53662 /* ContactListTableViewController.swift */,
				A39FE5F51EF8C27000C53662 /* ContactListViewController.swift */,
				A351998E1EFBAF990001AEDD /* ContactDetailViewController.swift */,
				A3F9AE4A1EFEC92800E05D3E /* ContactDetailEditViewController.swift */,
			);
			name = ViewControllers;
			sourceTree = "<group>";
		};
		A39FE5F91EF8C28300C53662 /* Views */ = {
			isa = PBXGroup;
			children = (
				A385D89D1EFE4BEA00F5859A /* Cells */,
				A35199901EFBB2340001AEDD /* ContactDetailHeaderView.swift */,
				A385D8991EFE428F00F5859A /* ContactDetailHeaderActionView.swift */,
				A385D89B1EFE42AA00F5859A /* ContactDetailHeaderActionView.xib */,
				A3F9AE521EFF80D600E05D3E /* ContactDetailEditHeaderView.swift */,
				A3F9AE541EFF80F200E05D3E /* ContactDetailEditHeaderView.xib */,
			);
			name = Views;
			sourceTree = "<group>";
		};
		A39FE6061EF8C68200C53662 /* Models */ = {
			isa = PBXGroup;
			children = (
				A385D8AE1EFE899900F5859A /* Model.swift */,
				A39FE6081EF8C6CF00C53662 /* ContactModel.swift */,
				A385D8A81EFE642300F5859A /* EmailModel.swift */,
				A385D8A41EFE63E800F5859A /* PhoneModel.swift */,
				A385D8A61EFE640500F5859A /* NameModel.swift */,
				A385D8B01EFE8C1700F5859A /* BirthdayModel.swift */,
			);
			name = Models;
			sourceTree = "<group>";
		};
		A39FE6071EF8C69000C53662 /* ModelControllers */ = {
			isa = PBXGroup;
			children = (
				A385D8AC1EFE890600F5859A /* ModelController.swift */,
				A35199881EFB55180001AEDD /* ContactModelController.swift */,
				A385D8A21EFE5C7B00F5859A /* PhoneModelController.swift */,
				A385D8AA1EFE66D600F5859A /* EmailModelController.swift */,
				A385D8B21EFE8CC100F5859A /* BirthdayModelController.swift */,
			);
			name = ModelControllers;
			sourceTree = "<group>";
		};
		DACFEDBB2F2718B1C89B2741 /* Pods */ = {
			isa = PBXGroup;
			children = (
				E72B37841F91612B5448E16D /* Pods-ContactLLS.debug.xcconfig */,
				3675D4B997335820DA9EC5B5 /* Pods-ContactLLS.release.xcconfig */,
			);
			name = Pods;
			sourceTree = "<group>";
		};
		E225CA0665C2954DA1E62E92 /* Frameworks */ = {
			isa = PBXGroup;
			children = (
				06A977CB3764CAB35C594281 /* Pods_ContactLLS.framework */,
			);
			name = Frameworks;
			sourceTree = "<group>";
		};
/* End PBXGroup section */

/* Begin PBXNativeTarget section */
		A39FE5AD1EF8B3DA00C53662 /* ContactLLS */ = {
			isa = PBXNativeTarget;
			buildConfigurationList = A39FE5D91EF8B3DA00C53662 /* Build configuration list for PBXNativeTarget "ContactLLS" */;
			buildPhases = (
				CD9C7990BD09EC1F54528B84 /* [CP] Check Pods Manifest.lock */,
				A39FE5AA1EF8B3DA00C53662 /* Sources */,
				A39FE5AB1EF8B3DA00C53662 /* Frameworks */,
				A39FE5AC1EF8B3DA00C53662 /* Resources */,
				8BF73FA8AA8310E977B0A850 /* [CP] Embed Pods Frameworks */,
				C571155A22706A8359F62EF5 /* [CP] Copy Pods Resources */,
			);
			buildRules = (
			);
			dependencies = (
			);
			name = ContactLLS;
			productName = ContactLLS;
			productReference = A39FE5AE1EF8B3DA00C53662 /* ContactLLS.app */;
			productType = "com.apple.product-type.application";
		};
		A39FE5C41EF8B3DA00C53662 /* ContactLLSTests */ = {
			isa = PBXNativeTarget;
			buildConfigurationList = A39FE5DC1EF8B3DA00C53662 /* Build configuration list for PBXNativeTarget "ContactLLSTests" */;
			buildPhases = (
				A39FE5C11EF8B3DA00C53662 /* Sources */,
				A39FE5C21EF8B3DA00C53662 /* Frameworks */,
				A39FE5C31EF8B3DA00C53662 /* Resources */,
			);
			buildRules = (
			);
			dependencies = (
				A39FE5C71EF8B3DA00C53662 /* PBXTargetDependency */,
			);
			name = ContactLLSTests;
			productName = ContactLLSTests;
			productReference = A39FE5C51EF8B3DA00C53662 /* ContactLLSTests.xctest */;
			productType = "com.apple.product-type.bundle.unit-test";
		};
		A39FE5CF1EF8B3DA00C53662 /* ContactLLSUITests */ = {
			isa = PBXNativeTarget;
			buildConfigurationList = A39FE5DF1EF8B3DA00C53662 /* Build configuration list for PBXNativeTarget "ContactLLSUITests" */;
			buildPhases = (
				A39FE5CC1EF8B3DA00C53662 /* Sources */,
				A39FE5CD1EF8B3DA00C53662 /* Frameworks */,
				A39FE5CE1EF8B3DA00C53662 /* Resources */,
			);
			buildRules = (
			);
			dependencies = (
				A39FE5D21EF8B3DA00C53662 /* PBXTargetDependency */,
			);
			name = ContactLLSUITests;
			productName = ContactLLSUITests;
			productReference = A39FE5D01EF8B3DA00C53662 /* ContactLLSUITests.xctest */;
			productType = "com.apple.product-type.bundle.ui-testing";
		};
/* End PBXNativeTarget section */

/* Begin PBXProject section */
		A39FE5A61EF8B3DA00C53662 /* Project object */ = {
			isa = PBXProject;
			attributes = {
				LastSwiftUpdateCheck = 0830;
				LastUpgradeCheck = 0830;
				ORGANIZATIONNAME = "Theo Chen";
				TargetAttributes = {
					A39FE5AD1EF8B3DA00C53662 = {
						CreatedOnToolsVersion = 8.3.3;
						DevelopmentTeam = 32T9S8EBKN;
						ProvisioningStyle = Automatic;
					};
					A39FE5C41EF8B3DA00C53662 = {
						CreatedOnToolsVersion = 8.3.3;
						DevelopmentTeam = 32T9S8EBKN;
						ProvisioningStyle = Automatic;
						TestTargetID = A39FE5AD1EF8B3DA00C53662;
					};
					A39FE5CF1EF8B3DA00C53662 = {
						CreatedOnToolsVersion = 8.3.3;
						DevelopmentTeam = 32T9S8EBKN;
						ProvisioningStyle = Automatic;
						TestTargetID = A39FE5AD1EF8B3DA00C53662;
					};
				};
			};
			buildConfigurationList = A39FE5A91EF8B3DA00C53662 /* Build configuration list for PBXProject "ContactLLS" */;
			compatibilityVersion = "Xcode 3.2";
			developmentRegion = English;
			hasScannedForEncodings = 0;
			knownRegions = (
				en,
				Base,
				"zh-Hans",
			);
			mainGroup = A39FE5A51EF8B3DA00C53662;
			productRefGroup = A39FE5AF1EF8B3DA00C53662 /* Products */;
			projectDirPath = "";
			projectRoot = "";
			targets = (
				A39FE5AD1EF8B3DA00C53662 /* ContactLLS */,
				A39FE5C41EF8B3DA00C53662 /* ContactLLSTests */,
				A39FE5CF1EF8B3DA00C53662 /* ContactLLSUITests */,
			);
		};
/* End PBXProject section */

/* Begin PBXResourcesBuildPhase section */
		A39FE5AC1EF8B3DA00C53662 /* Resources */ = {
			isa = PBXResourcesBuildPhase;
			buildActionMask = 2147483647;
			files = (
				A39FE6051EF8C66300C53662 /* ContactListTableViewCell.xib in Resources */,
				A385D89C1EFE42AA00F5859A /* ContactDetailHeaderActionView.xib in Resources */,
				A3F9AE551EFF80F200E05D3E /* ContactDetailEditHeaderView.xib in Resources */,
				A39FE5BF1EF8B3DA00C53662 /* LaunchScreen.storyboard in Resources */,
				A33091EE1EFA68ED000D522F /* mock_contacts.json in Resources */,
				A39FE5E41EF8B5E700C53662 /* Localizable.strings in Resources */,
				A39FE5BC1EF8B3DA00C53662 /* Assets.xcassets in Resources */,
				A32861431EFFA14000319769 /* SimpleInformationAddCell.xib in Resources */,
				A385D8A11EFE4C3B00F5859A /* SimpleInformationCell.xib in Resources */,
				A39FE5FF1EF8C33900C53662 /* ContactListSearchResultTableViewCell.xib in Resources */,
				A39FE5B71EF8B3DA00C53662 /* Main.storyboard in Resources */,
			);
			runOnlyForDeploymentPostprocessing = 0;
		};
		A39FE5C31EF8B3DA00C53662 /* Resources */ = {
			isa = PBXResourcesBuildPhase;
			buildActionMask = 2147483647;
			files = (
			);
			runOnlyForDeploymentPostprocessing = 0;
		};
		A39FE5CE1EF8B3DA00C53662 /* Resources */ = {
			isa = PBXResourcesBuildPhase;
			buildActionMask = 2147483647;
			files = (
			);
			runOnlyForDeploymentPostprocessing = 0;
		};
/* End PBXResourcesBuildPhase section */

/* Begin PBXShellScriptBuildPhase section */
		8BF73FA8AA8310E977B0A850 /* [CP] Embed Pods Frameworks */ = {
			isa = PBXShellScriptBuildPhase;
			buildActionMask = 2147483647;
			files = (
			);
			inputPaths = (
			);
			name = "[CP] Embed Pods Frameworks";
			outputPaths = (
			);
			runOnlyForDeploymentPostprocessing = 0;
			shellPath = /bin/sh;
			shellScript = "\"${SRCROOT}/Pods/Target Support Files/Pods-ContactLLS/Pods-ContactLLS-frameworks.sh\"\n";
			showEnvVarsInLog = 0;
		};
		C571155A22706A8359F62EF5 /* [CP] Copy Pods Resources */ = {
			isa = PBXShellScriptBuildPhase;
			buildActionMask = 2147483647;
			files = (
			);
			inputPaths = (
			);
			name = "[CP] Copy Pods Resources";
			outputPaths = (
			);
			runOnlyForDeploymentPostprocessing = 0;
			shellPath = /bin/sh;
			shellScript = "\"${SRCROOT}/Pods/Target Support Files/Pods-ContactLLS/Pods-ContactLLS-resources.sh\"\n";
			showEnvVarsInLog = 0;
		};
		CD9C7990BD09EC1F54528B84 /* [CP] Check Pods Manifest.lock */ = {
			isa = PBXShellScriptBuildPhase;
			buildActionMask = 2147483647;
			files = (
			);
			inputPaths = (
			);
			name = "[CP] Check Pods Manifest.lock";
			outputPaths = (
			);
			runOnlyForDeploymentPostprocessing = 0;
			shellPath = /bin/sh;
			shellScript = "diff \"${PODS_PODFILE_DIR_PATH}/Podfile.lock\" \"${PODS_ROOT}/Manifest.lock\" > /dev/null\nif [ $? != 0 ] ; then\n    # print error to STDERR\n    echo \"error: The sandbox is not in sync with the Podfile.lock. Run 'pod install' or update your CocoaPods installation.\" >&2\n    exit 1\nfi\n";
			showEnvVarsInLog = 0;
		};
/* End PBXShellScriptBuildPhase section */

/* Begin PBXSourcesBuildPhase section */
		A39FE5AA1EF8B3DA00C53662 /* Sources */ = {
			isa = PBXSourcesBuildPhase;
			buildActionMask = 2147483647;
			files = (
				A32861421EFFA14000319769 /* SimpleInformationAddCell.swift in Sources */,
				A328613B1EFF993D00319769 /* VPImageCropperViewController.m in Sources */,
				A385D8AF1EFE899900F5859A /* Model.swift in Sources */,
				A385D8A31EFE5C7B00F5859A /* PhoneModelController.swift in Sources */,
				A39FE5ED1EF8B82D00C53662 /* String+Extension.swift in Sources */,
				A39FE6041EF8C66300C53662 /* ContactListTableViewCell.swift in Sources */,
				A351998D1EFB859B0001AEDD /* ModelCellDelegate.swift in Sources */,
				A3F9AE491EFEC39400E05D3E /* Date+Extension.swift in Sources */,
				A385D8A51EFE63E800F5859A /* PhoneModel.swift in Sources */,
				A385D8AD1EFE890600F5859A /* ModelController.swift in Sources */,
				A315934A1EFD6DB800D6CF39 /* UIImage+Extension.swift in Sources */,
				A35199911EFBB2340001AEDD /* ContactDetailHeaderView.swift in Sources */,
				A385D8B31EFE8CC200F5859A /* BirthdayModelController.swift in Sources */,
				A39FE6091EF8C6CF00C53662 /* ContactModel.swift in Sources */,
				A35199951EFBB4DC0001AEDD /* BaseViewController.swift in Sources */,
				A385D89A1EFE428F00F5859A /* ContactDetailHeaderActionView.swift in Sources */,
				A385D8AB1EFE66D600F5859A /* EmailModelController.swift in Sources */,
				A39FE5FE1EF8C33900C53662 /* ContactListSearchResultTableViewCell.swift in Sources */,
				A35199991EFBC64E0001AEDD /* UIView+Extension.swift in Sources */,
				A35199971EFBC4440001AEDD /* UIColor+Extension.swift in Sources */,
				A385D8A71EFE640500F5859A /* NameModel.swift in Sources */,
				A39FE5B21EF8B3DA00C53662 /* AppDelegate.swift in Sources */,
				A39FE5BA1EF8B3DA00C53662 /* ContactLLS.xcdatamodeld in Sources */,
				A3F9AE4D1EFECCCD00E05D3E /* UIButton+Extension.swift in Sources */,
				A35199891EFB55180001AEDD /* ContactModelController.swift in Sources */,
				A351998F1EFBAF990001AEDD /* ContactDetailViewController.swift in Sources */,
				A39FE5F71EF8C27000C53662 /* ContactListTableViewController.swift in Sources */,
				A39FE5F61EF8C27000C53662 /* ContactListSearchResultTableViewController.swift in Sources */,
				A385D8A91EFE642300F5859A /* EmailModel.swift in Sources */,
				A39FE5F81EF8C27000C53662 /* ContactListViewController.swift in Sources */,
				A385D8A01EFE4C3B00F5859A /* SimpleInformationCell.swift in Sources */,
				A3F9AE4B1EFEC92800E05D3E /* ContactDetailEditViewController.swift in Sources */,
				A385D8B11EFE8C1700F5859A /* BirthdayModel.swift in Sources */,
				A39FE6011EF8C37700C53662 /* CellInterface.swift in Sources */,
				A3F9AE531EFF80D600E05D3E /* ContactDetailEditHeaderView.swift in Sources */,
			);
			runOnlyForDeploymentPostprocessing = 0;
		};
		A39FE5C11EF8B3DA00C53662 /* Sources */ = {
			isa = PBXSourcesBuildPhase;
			buildActionMask = 2147483647;
			files = (
				A39FE5CA1EF8B3DA00C53662 /* ContactLLSTests.swift in Sources */,
			);
			runOnlyForDeploymentPostprocessing = 0;
		};
		A39FE5CC1EF8B3DA00C53662 /* Sources */ = {
			isa = PBXSourcesBuildPhase;
			buildActionMask = 2147483647;
			files = (
				A39FE5D51EF8B3DA00C53662 /* ContactLLSUITests.swift in Sources */,
			);
			runOnlyForDeploymentPostprocessing = 0;
		};
/* End PBXSourcesBuildPhase section */

/* Begin PBXTargetDependency section */
		A39FE5C71EF8B3DA00C53662 /* PBXTargetDependency */ = {
			isa = PBXTargetDependency;
			target = A39FE5AD1EF8B3DA00C53662 /* ContactLLS */;
			targetProxy = A39FE5C61EF8B3DA00C53662 /* PBXContainerItemProxy */;
		};
		A39FE5D21EF8B3DA00C53662 /* PBXTargetDependency */ = {
			isa = PBXTargetDependency;
			target = A39FE5AD1EF8B3DA00C53662 /* ContactLLS */;
			targetProxy = A39FE5D11EF8B3DA00C53662 /* PBXContainerItemProxy */;
		};
/* End PBXTargetDependency section */

/* Begin PBXVariantGroup section */
		A39FE5B51EF8B3DA00C53662 /* Main.storyboard */ = {
			isa = PBXVariantGroup;
			children = (
				A39FE5B61EF8B3DA00C53662 /* Base */,
			);
			name = Main.storyboard;
			sourceTree = "<group>";
		};
		A39FE5BD1EF8B3DA00C53662 /* LaunchScreen.storyboard */ = {
			isa = PBXVariantGroup;
			children = (
				A39FE5BE1EF8B3DA00C53662 /* Base */,
			);
			name = LaunchScreen.storyboard;
			sourceTree = "<group>";
		};
		A39FE5E61EF8B5E700C53662 /* Localizable.strings */ = {
			isa = PBXVariantGroup;
			children = (
				A39FE5E91EF8B60A00C53662 /* Base */,
				A39FE5EA1EF8B78A00C53662 /* zh-Hans */,
			);
			name = Localizable.strings;
			sourceTree = "<group>";
		};
/* End PBXVariantGroup section */

/* Begin XCBuildConfiguration section */
		A39FE5D71EF8B3DA00C53662 /* Debug */ = {
			isa = XCBuildConfiguration;
			buildSettings = {
				ALWAYS_SEARCH_USER_PATHS = NO;
				CLANG_ANALYZER_LOCALIZABILITY_NONLOCALIZED = YES;
				CLANG_ANALYZER_NONNULL = YES;
				CLANG_ANALYZER_NUMBER_OBJECT_CONVERSION = YES_AGGRESSIVE;
				CLANG_CXX_LANGUAGE_STANDARD = "gnu++0x";
				CLANG_CXX_LIBRARY = "libc++";
				CLANG_ENABLE_MODULES = YES;
				CLANG_ENABLE_OBJC_ARC = YES;
				CLANG_WARN_BOOL_CONVERSION = YES;
				CLANG_WARN_CONSTANT_CONVERSION = YES;
				CLANG_WARN_DIRECT_OBJC_ISA_USAGE = YES_ERROR;
				CLANG_WARN_DOCUMENTATION_COMMENTS = YES;
				CLANG_WARN_EMPTY_BODY = YES;
				CLANG_WARN_ENUM_CONVERSION = YES;
				CLANG_WARN_INFINITE_RECURSION = YES;
				CLANG_WARN_INT_CONVERSION = YES;
				CLANG_WARN_OBJC_ROOT_CLASS = YES_ERROR;
				CLANG_WARN_SUSPICIOUS_MOVE = YES;
				CLANG_WARN_UNREACHABLE_CODE = YES;
				CLANG_WARN__DUPLICATE_METHOD_MATCH = YES;
				"CODE_SIGN_IDENTITY[sdk=iphoneos*]" = "iPhone Developer";
				COPY_PHASE_STRIP = NO;
				DEBUG_INFORMATION_FORMAT = dwarf;
				ENABLE_STRICT_OBJC_MSGSEND = YES;
				ENABLE_TESTABILITY = YES;
				GCC_C_LANGUAGE_STANDARD = gnu99;
				GCC_DYNAMIC_NO_PIC = NO;
				GCC_NO_COMMON_BLOCKS = YES;
				GCC_OPTIMIZATION_LEVEL = 0;
				GCC_PREPROCESSOR_DEFINITIONS = (
					"DEBUG=1",
					"$(inherited)",
				);
				GCC_WARN_64_TO_32_BIT_CONVERSION = YES;
				GCC_WARN_ABOUT_RETURN_TYPE = YES_ERROR;
				GCC_WARN_UNDECLARED_SELECTOR = YES;
				GCC_WARN_UNINITIALIZED_AUTOS = YES_AGGRESSIVE;
				GCC_WARN_UNUSED_FUNCTION = YES;
				GCC_WARN_UNUSED_VARIABLE = YES;
				IPHONEOS_DEPLOYMENT_TARGET = 10.3;
				MTL_ENABLE_DEBUG_INFO = YES;
				ONLY_ACTIVE_ARCH = YES;
				SDKROOT = iphoneos;
				SWIFT_ACTIVE_COMPILATION_CONDITIONS = DEBUG;
				SWIFT_OPTIMIZATION_LEVEL = "-Onone";
				TARGETED_DEVICE_FAMILY = "1,2";
			};
			name = Debug;
		};
		A39FE5D81EF8B3DA00C53662 /* Release */ = {
			isa = XCBuildConfiguration;
			buildSettings = {
				ALWAYS_SEARCH_USER_PATHS = NO;
				CLANG_ANALYZER_LOCALIZABILITY_NONLOCALIZED = YES;
				CLANG_ANALYZER_NONNULL = YES;
				CLANG_ANALYZER_NUMBER_OBJECT_CONVERSION = YES_AGGRESSIVE;
				CLANG_CXX_LANGUAGE_STANDARD = "gnu++0x";
				CLANG_CXX_LIBRARY = "libc++";
				CLANG_ENABLE_MODULES = YES;
				CLANG_ENABLE_OBJC_ARC = YES;
				CLANG_WARN_BOOL_CONVERSION = YES;
				CLANG_WARN_CONSTANT_CONVERSION = YES;
				CLANG_WARN_DIRECT_OBJC_ISA_USAGE = YES_ERROR;
				CLANG_WARN_DOCUMENTATION_COMMENTS = YES;
				CLANG_WARN_EMPTY_BODY = YES;
				CLANG_WARN_ENUM_CONVERSION = YES;
				CLANG_WARN_INFINITE_RECURSION = YES;
				CLANG_WARN_INT_CONVERSION = YES;
				CLANG_WARN_OBJC_ROOT_CLASS = YES_ERROR;
				CLANG_WARN_SUSPICIOUS_MOVE = YES;
				CLANG_WARN_UNREACHABLE_CODE = YES;
				CLANG_WARN__DUPLICATE_METHOD_MATCH = YES;
				"CODE_SIGN_IDENTITY[sdk=iphoneos*]" = "iPhone Developer";
				COPY_PHASE_STRIP = NO;
				DEBUG_INFORMATION_FORMAT = "dwarf-with-dsym";
				ENABLE_NS_ASSERTIONS = NO;
				ENABLE_STRICT_OBJC_MSGSEND = YES;
				GCC_C_LANGUAGE_STANDARD = gnu99;
				GCC_NO_COMMON_BLOCKS = YES;
				GCC_WARN_64_TO_32_BIT_CONVERSION = YES;
				GCC_WARN_ABOUT_RETURN_TYPE = YES_ERROR;
				GCC_WARN_UNDECLARED_SELECTOR = YES;
				GCC_WARN_UNINITIALIZED_AUTOS = YES_AGGRESSIVE;
				GCC_WARN_UNUSED_FUNCTION = YES;
				GCC_WARN_UNUSED_VARIABLE = YES;
				IPHONEOS_DEPLOYMENT_TARGET = 10.3;
				MTL_ENABLE_DEBUG_INFO = NO;
				SDKROOT = iphoneos;
				SWIFT_OPTIMIZATION_LEVEL = "-Owholemodule";
				TARGETED_DEVICE_FAMILY = "1,2";
				VALIDATE_PRODUCT = YES;
			};
			name = Release;
		};
		A39FE5DA1EF8B3DA00C53662 /* Debug */ = {
			isa = XCBuildConfiguration;
			baseConfigurationReference = E72B37841F91612B5448E16D /* Pods-ContactLLS.debug.xcconfig */;
			buildSettings = {
				ASSETCATALOG_COMPILER_APPICON_NAME = AppIcon;
				DEVELOPMENT_TEAM = 32T9S8EBKN;
				INFOPLIST_FILE = ContactLLS/Info.plist;
				LD_RUNPATH_SEARCH_PATHS = "$(inherited) @executable_path/Frameworks";
				PRODUCT_BUNDLE_IDENTIFIER = com.zombiestech.ContactLLS;
				PRODUCT_NAME = "$(TARGET_NAME)";
				SWIFT_OBJC_BRIDGING_HEADER = "ContactLLS-Bridging-Header.h";
				SWIFT_VERSION = 3.0;
			};
			name = Debug;
		};
		A39FE5DB1EF8B3DA00C53662 /* Release */ = {
			isa = XCBuildConfiguration;
			baseConfigurationReference = 3675D4B997335820DA9EC5B5 /* Pods-ContactLLS.release.xcconfig */;
			buildSettings = {
				ASSETCATALOG_COMPILER_APPICON_NAME = AppIcon;
				DEVELOPMENT_TEAM = 32T9S8EBKN;
				INFOPLIST_FILE = ContactLLS/Info.plist;
				LD_RUNPATH_SEARCH_PATHS = "$(inherited) @executable_path/Frameworks";
				PRODUCT_BUNDLE_IDENTIFIER = com.zombiestech.ContactLLS;
				PRODUCT_NAME = "$(TARGET_NAME)";
				SWIFT_OBJC_BRIDGING_HEADER = "ContactLLS-Bridging-Header.h";
				SWIFT_VERSION = 3.0;
			};
			name = Release;
		};
		A39FE5DD1EF8B3DA00C53662 /* Debug */ = {
			isa = XCBuildConfiguration;
			buildSettings = {
				ALWAYS_EMBED_SWIFT_STANDARD_LIBRARIES = YES;
				BUNDLE_LOADER = "$(TEST_HOST)";
				DEVELOPMENT_TEAM = 32T9S8EBKN;
				INFOPLIST_FILE = ContactLLSTests/Info.plist;
				LD_RUNPATH_SEARCH_PATHS = "$(inherited) @executable_path/Frameworks @loader_path/Frameworks";
				PRODUCT_BUNDLE_IDENTIFIER = com.zombiestech.ContactLLSTests;
				PRODUCT_NAME = "$(TARGET_NAME)";
				SWIFT_VERSION = 3.0;
				TEST_HOST = "$(BUILT_PRODUCTS_DIR)/ContactLLS.app/ContactLLS";
			};
			name = Debug;
		};
		A39FE5DE1EF8B3DA00C53662 /* Release */ = {
			isa = XCBuildConfiguration;
			buildSettings = {
				ALWAYS_EMBED_SWIFT_STANDARD_LIBRARIES = YES;
				BUNDLE_LOADER = "$(TEST_HOST)";
				DEVELOPMENT_TEAM = 32T9S8EBKN;
				INFOPLIST_FILE = ContactLLSTests/Info.plist;
				LD_RUNPATH_SEARCH_PATHS = "$(inherited) @executable_path/Frameworks @loader_path/Frameworks";
				PRODUCT_BUNDLE_IDENTIFIER = com.zombiestech.ContactLLSTests;
				PRODUCT_NAME = "$(TARGET_NAME)";
				SWIFT_VERSION = 3.0;
				TEST_HOST = "$(BUILT_PRODUCTS_DIR)/ContactLLS.app/ContactLLS";
			};
			name = Release;
		};
		A39FE5E01EF8B3DA00C53662 /* Debug */ = {
			isa = XCBuildConfiguration;
			buildSettings = {
				ALWAYS_EMBED_SWIFT_STANDARD_LIBRARIES = YES;
				DEVELOPMENT_TEAM = 32T9S8EBKN;
				INFOPLIST_FILE = ContactLLSUITests/Info.plist;
				LD_RUNPATH_SEARCH_PATHS = "$(inherited) @executable_path/Frameworks @loader_path/Frameworks";
				PRODUCT_BUNDLE_IDENTIFIER = com.zombiestech.ContactLLSUITests;
				PRODUCT_NAME = "$(TARGET_NAME)";
				SWIFT_VERSION = 3.0;
				TEST_TARGET_NAME = ContactLLS;
			};
			name = Debug;
		};
		A39FE5E11EF8B3DA00C53662 /* Release */ = {
			isa = XCBuildConfiguration;
			buildSettings = {
				ALWAYS_EMBED_SWIFT_STANDARD_LIBRARIES = YES;
				DEVELOPMENT_TEAM = 32T9S8EBKN;
				INFOPLIST_FILE = ContactLLSUITests/Info.plist;
				LD_RUNPATH_SEARCH_PATHS = "$(inherited) @executable_path/Frameworks @loader_path/Frameworks";
				PRODUCT_BUNDLE_IDENTIFIER = com.zombiestech.ContactLLSUITests;
				PRODUCT_NAME = "$(TARGET_NAME)";
				SWIFT_VERSION = 3.0;
				TEST_TARGET_NAME = ContactLLS;
			};
			name = Release;
		};
/* End XCBuildConfiguration section */

/* Begin XCConfigurationList section */
		A39FE5A91EF8B3DA00C53662 /* Build configuration list for PBXProject "ContactLLS" */ = {
			isa = XCConfigurationList;
			buildConfigurations = (
				A39FE5D71EF8B3DA00C53662 /* Debug */,
				A39FE5D81EF8B3DA00C53662 /* Release */,
			);
			defaultConfigurationIsVisible = 0;
			defaultConfigurationName = Release;
		};
		A39FE5D91EF8B3DA00C53662 /* Build configuration list for PBXNativeTarget "ContactLLS" */ = {
			isa = XCConfigurationList;
			buildConfigurations = (
				A39FE5DA1EF8B3DA00C53662 /* Debug */,
				A39FE5DB1EF8B3DA00C53662 /* Release */,
			);
			defaultConfigurationIsVisible = 0;
			defaultConfigurationName = Release;
		};
		A39FE5DC1EF8B3DA00C53662 /* Build configuration list for PBXNativeTarget "ContactLLSTests" */ = {
			isa = XCConfigurationList;
			buildConfigurations = (
				A39FE5DD1EF8B3DA00C53662 /* Debug */,
				A39FE5DE1EF8B3DA00C53662 /* Release */,
			);
			defaultConfigurationIsVisible = 0;
			defaultConfigurationName = Release;
		};
		A39FE5DF1EF8B3DA00C53662 /* Build configuration list for PBXNativeTarget "ContactLLSUITests" */ = {
			isa = XCConfigurationList;
			buildConfigurations = (
				A39FE5E01EF8B3DA00C53662 /* Debug */,
				A39FE5E11EF8B3DA00C53662 /* Release */,
			);
			defaultConfigurationIsVisible = 0;
			defaultConfigurationName = Release;
		};
/* End XCConfigurationList section */

/* Begin XCVersionGroup section */
		A39FE5B81EF8B3DA00C53662 /* ContactLLS.xcdatamodeld */ = {
			isa = XCVersionGroup;
			children = (
				A39FE5B91EF8B3DA00C53662 /* ContactLLS.xcdatamodel */,
			);
			currentVersion = A39FE5B91EF8B3DA00C53662 /* ContactLLS.xcdatamodel */;
			path = ContactLLS.xcdatamodeld;
			sourceTree = "<group>";
			versionGroupType = wrapper.xcdatamodel;
		};
/* End XCVersionGroup section */
	};
	rootObject = A39FE5A61EF8B3DA00C53662 /* Project object */;
}
